// !$*UTF8*$!
{
	archiveVersion = 1;
	classes = {
	};
	objectVersion = 46;
	objects = {

/* Begin PBXBuildFile section */
		C88A084B197D445500AC6058 /* Foundation.framework in Frameworks */ = {isa = PBXBuildFile; fileRef = C88A084A197D445500AC6058 /* Foundation.framework */; };
		C88A084D197D445500AC6058 /* CoreGraphics.framework in Frameworks */ = {isa = PBXBuildFile; fileRef = C88A084C197D445500AC6058 /* CoreGraphics.framework */; };
		C88A084F197D445500AC6058 /* UIKit.framework in Frameworks */ = {isa = PBXBuildFile; fileRef = C88A084E197D445500AC6058 /* UIKit.framework */; };
		C88A0855197D445500AC6058 /* InfoPlist.strings in Resources */ = {isa = PBXBuildFile; fileRef = C88A0853197D445500AC6058 /* InfoPlist.strings */; };
		C88A0857197D445500AC6058 /* main.m in Sources */ = {isa = PBXBuildFile; fileRef = C88A0856197D445500AC6058 /* main.m */; };
		C88A085B197D445500AC6058 /* AppDelegate.m in Sources */ = {isa = PBXBuildFile; fileRef = C88A085A197D445500AC6058 /* AppDelegate.m */; };
		C88A085E197D445500AC6058 /* Main.storyboard in Resources */ = {isa = PBXBuildFile; fileRef = C88A085C197D445500AC6058 /* Main.storyboard */; };
		C88A0861197D445500AC6058 /* ViewController.m in Sources */ = {isa = PBXBuildFile; fileRef = C88A0860197D445500AC6058 /* ViewController.m */; };
		C88A0863197D445500AC6058 /* Images.xcassets in Resources */ = {isa = PBXBuildFile; fileRef = C88A0862197D445500AC6058 /* Images.xcassets */; };
		C88A086A197D445600AC6058 /* XCTest.framework in Frameworks */ = {isa = PBXBuildFile; fileRef = C88A0869197D445600AC6058 /* XCTest.framework */; };
		C88A086B197D445600AC6058 /* Foundation.framework in Frameworks */ = {isa = PBXBuildFile; fileRef = C88A084A197D445500AC6058 /* Foundation.framework */; };
		C88A086C197D445600AC6058 /* UIKit.framework in Frameworks */ = {isa = PBXBuildFile; fileRef = C88A084E197D445500AC6058 /* UIKit.framework */; };
		C88A0874197D445600AC6058 /* InfoPlist.strings in Resources */ = {isa = PBXBuildFile; fileRef = C88A0872197D445600AC6058 /* InfoPlist.strings */; };
		C88A0876197D445600AC6058 /* HelloJenkinsTests.m in Sources */ = {isa = PBXBuildFile; fileRef = C88A0875197D445600AC6058 /* HelloJenkinsTests.m */; };
/* End PBXBuildFile section */

/* Begin PBXContainerItemProxy section */
		C88A086D197D445600AC6058 /* PBXContainerItemProxy */ = {
			isa = PBXContainerItemProxy;
			containerPortal = C88A083F197D445500AC6058 /* Project object */;
			proxyType = 1;
			remoteGlobalIDString = C88A0846197D445500AC6058;
			remoteInfo = HelloJenkins;
		};
/* End PBXContainerItemProxy section */

/* Begin PBXFileReference section */
		C88A0847197D445500AC6058 /* HelloJenkins.app */ = {isa = PBXFileReference; explicitFileType = wrapper.application; includeInIndex = 0; path = HelloJenkins.app; sourceTree = BUILT_PRODUCTS_DIR; };
		C88A084A197D445500AC6058 /* Foundation.framework */ = {isa = PBXFileReference; lastKnownFileType = wrapper.framework; name = Foundation.framework; path = System/Library/Frameworks/Foundation.framework; sourceTree = SDKROOT; };
		C88A084C197D445500AC6058 /* CoreGraphics.framework */ = {isa = PBXFileReference; lastKnownFileType = wrapper.framework; name = CoreGraphics.framework; path = System/Library/Frameworks/CoreGraphics.framework; sourceTree = SDKROOT; };
		C88A084E197D445500AC6058 /* UIKit.framework */ = {isa = PBXFileReference; lastKnownFileType = wrapper.framework; name = UIKit.framework; path = System/Library/Frameworks/UIKit.framework; sourceTree = SDKROOT; };
		C88A0852197D445500AC6058 /* HelloJenkins-Info.plist */ = {isa = PBXFileReference; lastKnownFileType = text.plist.xml; path = "HelloJenkins-Info.plist"; sourceTree = "<group>"; };
		C88A0854197D445500AC6058 /* en */ = {isa = PBXFileReference; lastKnownFileType = text.plist.strings; name = en; path = en.lproj/InfoPlist.strings; sourceTree = "<group>"; };
		C88A0856197D445500AC6058 /* main.m */ = {isa = PBXFileReference; lastKnownFileType = sourcecode.c.objc; path = main.m; sourceTree = "<group>"; };
		C88A0858197D445500AC6058 /* HelloJenkins-Prefix.pch */ = {isa = PBXFileReference; lastKnownFileType = sourcecode.c.h; path = "HelloJenkins-Prefix.pch"; sourceTree = "<group>"; };
		C88A0859197D445500AC6058 /* AppDelegate.h */ = {isa = PBXFileReference; lastKnownFileType = sourcecode.c.h; path = AppDelegate.h; sourceTree = "<group>"; };
		C88A085A197D445500AC6058 /* AppDelegate.m */ = {isa = PBXFileReference; lastKnownFileType = sourcecode.c.objc; path = AppDelegate.m; sourceTree = "<group>"; };
		C88A085D197D445500AC6058 /* Base */ = {isa = PBXFileReference; lastKnownFileType = file.storyboard; name = Base; path = Base.lproj/Main.storyboard; sourceTree = "<group>"; };
		C88A085F197D445500AC6058 /* ViewController.h */ = {isa = PBXFileReference; lastKnownFileType = sourcecode.c.h; path = ViewController.h; sourceTree = "<group>"; };
		C88A0860197D445500AC6058 /* ViewController.m */ = {isa = PBXFileReference; lastKnownFileType = sourcecode.c.objc; path = ViewController.m; sourceTree = "<group>"; };
		C88A0862197D445500AC6058 /* Images.xcassets */ = {isa = PBXFileReference; lastKnownFileType = folder.assetcatalog; path = Images.xcassets; sourceTree = "<group>"; };
		C88A0868197D445600AC6058 /* HelloJenkinsTests.xctest */ = {isa = PBXFileReference; explicitFileType = wrapper.cfbundle; includeInIndex = 0; path = HelloJenkinsTests.xctest; sourceTree = BUILT_PRODUCTS_DIR; };
		C88A0869197D445600AC6058 /* XCTest.framework */ = {isa = PBXFileReference; lastKnownFileType = wrapper.framework; name = XCTest.framework; path = Library/Frameworks/XCTest.framework; sourceTree = DEVELOPER_DIR; };
		C88A0871197D445600AC6058 /* HelloJenkinsTests-Info.plist */ = {isa = PBXFileReference; lastKnownFileType = text.plist.xml; path = "HelloJenkinsTests-Info.plist"; sourceTree = "<group>"; };
		C88A0873197D445600AC6058 /* en */ = {isa = PBXFileReference; lastKnownFileType = text.plist.strings; name = en; path = en.lproj/InfoPlist.strings; sourceTree = "<group>"; };
		C88A0875197D445600AC6058 /* HelloJenkinsTests.m */ = {isa = PBXFileReference; lastKnownFileType = sourcecode.c.objc; path = HelloJenkinsTests.m; sourceTree = "<group>"; };
/* End PBXFileReference section */

/* Begin PBXFrameworksBuildPhase section */
		C88A0844197D445500AC6058 /* Frameworks */ = {
			isa = PBXFrameworksBuildPhase;
			buildActionMask = 2147483647;
			files = (
				C88A084D197D445500AC6058 /* CoreGraphics.framework in Frameworks */,
				C88A084F197D445500AC6058 /* UIKit.framework in Frameworks */,
				C88A084B197D445500AC6058 /* Foundation.framework in Frameworks */,
			);
			runOnlyForDeploymentPostprocessing = 0;
		};
		C88A0865197D445600AC6058 /* Frameworks */ = {
			isa = PBXFrameworksBuildPhase;
			buildActionMask = 2147483647;
			files = (
				C88A086A197D445600AC6058 /* XCTest.framework in Frameworks */,
				C88A086C197D445600AC6058 /* UIKit.framework in Frameworks */,
				C88A086B197D445600AC6058 /* Foundation.framework in Frameworks */,
			);
			runOnlyForDeploymentPostprocessing = 0;
		};
/* End PBXFrameworksBuildPhase section */

/* Begin PBXGroup section */
		C88A083E197D445500AC6058 = {
			isa = PBXGroup;
			children = (
				C88A0850197D445500AC6058 /* HelloJenkins */,
				C88A086F197D445600AC6058 /* HelloJenkinsTests */,
				C88A0849197D445500AC6058 /* Frameworks */,
				C88A0848197D445500AC6058 /* Products */,
			);
			sourceTree = "<group>";
		};
		C88A0848197D445500AC6058 /* Products */ = {
			isa = PBXGroup;
			children = (
				C88A0847197D445500AC6058 /* HelloJenkins.app */,
				C88A0868197D445600AC6058 /* HelloJenkinsTests.xctest */,
			);
			name = Products;
			sourceTree = "<group>";
		};
		C88A0849197D445500AC6058 /* Frameworks */ = {
			isa = PBXGroup;
			children = (
				C88A084A197D445500AC6058 /* Foundation.framework */,
				C88A084C197D445500AC6058 /* CoreGraphics.framework */,
				C88A084E197D445500AC6058 /* UIKit.framework */,
				C88A0869197D445600AC6058 /* XCTest.framework */,
			);
			name = Frameworks;
			sourceTree = "<group>";
		};
		C88A0850197D445500AC6058 /* HelloJenkins */ = {
			isa = PBXGroup;
			children = (
				C88A0859197D445500AC6058 /* AppDelegate.h */,
				C88A085A197D445500AC6058 /* AppDelegate.m */,
				C88A085C197D445500AC6058 /* Main.storyboard */,
				C88A085F197D445500AC6058 /* ViewController.h */,
				C88A0860197D445500AC6058 /* ViewController.m */,
				C88A0862197D445500AC6058 /* Images.xcassets */,
				C88A0851197D445500AC6058 /* Supporting Files */,
			);
			path = HelloJenkins;
			sourceTree = "<group>";
		};
		C88A0851197D445500AC6058 /* Supporting Files */ = {
			isa = PBXGroup;
			children = (
				C88A0852197D445500AC6058 /* HelloJenkins-Info.plist */,
				C88A0853197D445500AC6058 /* InfoPlist.strings */,
				C88A0856197D445500AC6058 /* main.m */,
				C88A0858197D445500AC6058 /* HelloJenkins-Prefix.pch */,
			);
			name = "Supporting Files";
			sourceTree = "<group>";
		};
		C88A086F197D445600AC6058 /* HelloJenkinsTests */ = {
			isa = PBXGroup;
			children = (
				C88A0875197D445600AC6058 /* HelloJenkinsTests.m */,
				C88A0870197D445600AC6058 /* Supporting Files */,
			);
			path = HelloJenkinsTests;
			sourceTree = "<group>";
		};
		C88A0870197D445600AC6058 /* Supporting Files */ = {
			isa = PBXGroup;
			children = (
				C88A0871197D445600AC6058 /* HelloJenkinsTests-Info.plist */,
				C88A0872197D445600AC6058 /* InfoPlist.strings */,
			);
			name = "Supporting Files";
			sourceTree = "<group>";
		};
/* End PBXGroup section */

/* Begin PBXNativeTarget section */
		C88A0846197D445500AC6058 /* HelloJenkins */ = {
			isa = PBXNativeTarget;
			buildConfigurationList = C88A0879197D445600AC6058 /* Build configuration list for PBXNativeTarget "HelloJenkins" */;
			buildPhases = (
				C88A0843197D445500AC6058 /* Sources */,
				C88A0844197D445500AC6058 /* Frameworks */,
				C88A0845197D445500AC6058 /* Resources */,
			);
			buildRules = (
			);
			dependencies = (
			);
			name = HelloJenkins;
			productName = HelloJenkins;
			productReference = C88A0847197D445500AC6058 /* HelloJenkins.app */;
			productType = "com.apple.product-type.application";
		};
		C88A0867197D445600AC6058 /* HelloJenkinsTests */ = {
			isa = PBXNativeTarget;
			buildConfigurationList = C88A087C197D445600AC6058 /* Build configuration list for PBXNativeTarget "HelloJenkinsTests" */;
			buildPhases = (
				C88A0864197D445600AC6058 /* Sources */,
				C88A0865197D445600AC6058 /* Frameworks */,
				C88A0866197D445600AC6058 /* Resources */,
			);
			buildRules = (
			);
			dependencies = (
				C88A086E197D445600AC6058 /* PBXTargetDependency */,
			);
			name = HelloJenkinsTests;
			productName = HelloJenkinsTests;
			productReference = C88A0868197D445600AC6058 /* HelloJenkinsTests.xctest */;
			productType = "com.apple.product-type.bundle.unit-test";
		};
/* End PBXNativeTarget section */

/* Begin PBXProject section */
		C88A083F197D445500AC6058 /* Project object */ = {
			isa = PBXProject;
			attributes = {
				LastUpgradeCheck = 0510;
				ORGANIZATIONNAME = shishimo;
				TargetAttributes = {
					C88A0867197D445600AC6058 = {
						TestTargetID = C88A0846197D445500AC6058;
					};
				};
			};
			buildConfigurationList = C88A0842197D445500AC6058 /* Build configuration list for PBXProject "HelloJenkins" */;
			compatibilityVersion = "Xcode 3.2";
			developmentRegion = English;
			hasScannedForEncodings = 0;
			knownRegions = (
				en,
				Base,
			);
			mainGroup = C88A083E197D445500AC6058;
			productRefGroup = C88A0848197D445500AC6058 /* Products */;
			projectDirPath = "";
			projectRoot = "";
			targets = (
				C88A0846197D445500AC6058 /* HelloJenkins */,
				C88A0867197D445600AC6058 /* HelloJenkinsTests */,
			);
		};
/* End PBXProject section */

/* Begin PBXResourcesBuildPhase section */
		C88A0845197D445500AC6058 /* Resources */ = {
			isa = PBXResourcesBuildPhase;
			buildActionMask = 2147483647;
			files = (
				C88A0863197D445500AC6058 /* Images.xcassets in Resources */,
				C88A0855197D445500AC6058 /* InfoPlist.strings in Resources */,
				C88A085E197D445500AC6058 /* Main.storyboard in Resources */,
			);
			runOnlyForDeploymentPostprocessing = 0;
		};
		C88A0866197D445600AC6058 /* Resources */ = {
			isa = PBXResourcesBuildPhase;
			buildActionMask = 2147483647;
			files = (
				C88A0874197D445600AC6058 /* InfoPlist.strings in Resources */,
			);
			runOnlyForDeploymentPostprocessing = 0;
		};
/* End PBXResourcesBuildPhase section */

/* Begin PBXSourcesBuildPhase section */
		C88A0843197D445500AC6058 /* Sources */ = {
			isa = PBXSourcesBuildPhase;
			buildActionMask = 2147483647;
			files = (
				C88A0861197D445500AC6058 /* ViewController.m in Sources */,
				C88A085B197D445500AC6058 /* AppDelegate.m in Sources */,
				C88A0857197D445500AC6058 /* main.m in Sources */,
			);
			runOnlyForDeploymentPostprocessing = 0;
		};
		C88A0864197D445600AC6058 /* Sources */ = {
			isa = PBXSourcesBuildPhase;
			buildActionMask = 2147483647;
			files = (
				C88A0876197D445600AC6058 /* HelloJenkinsTests.m in Sources */,
			);
			runOnlyForDeploymentPostprocessing = 0;
		};
/* End PBXSourcesBuildPhase section */

/* Begin PBXTargetDependency section */
		C88A086E197D445600AC6058 /* PBXTargetDependency */ = {
			isa = PBXTargetDependency;
			target = C88A0846197D445500AC6058 /* HelloJenkins */;
			targetProxy = C88A086D197D445600AC6058 /* PBXContainerItemProxy */;
		};
/* End PBXTargetDependency section */

/* Begin PBXVariantGroup section */
		C88A0853197D445500AC6058 /* InfoPlist.strings */ = {
			isa = PBXVariantGroup;
			children = (
				C88A0854197D445500AC6058 /* en */,
			);
			name = InfoPlist.strings;
			sourceTree = "<group>";
		};
		C88A085C197D445500AC6058 /* Main.storyboard */ = {
			isa = PBXVariantGroup;
			children = (
				C88A085D197D445500AC6058 /* Base */,
			);
			name = Main.storyboard;
			sourceTree = "<group>";
		};
		C88A0872197D445600AC6058 /* InfoPlist.strings */ = {
			isa = PBXVariantGroup;
			children = (
				C88A0873197D445600AC6058 /* en */,
			);
			name = InfoPlist.strings;
			sourceTree = "<group>";
		};
/* End PBXVariantGroup section */

/* Begin XCBuildConfiguration section */
		C88A0877197D445600AC6058 /* Debug */ = {
			isa = XCBuildConfiguration;
			buildSettings = {
				ALWAYS_SEARCH_USER_PATHS = NO;
				CLANG_CXX_LANGUAGE_STANDARD = "gnu++0x";
				CLANG_CXX_LIBRARY = "libc++";
				CLANG_ENABLE_MODULES = YES;
				CLANG_ENABLE_OBJC_ARC = YES;
				CLANG_WARN_BOOL_CONVERSION = YES;
				CLANG_WARN_CONSTANT_CONVERSION = YES;
				CLANG_WARN_DIRECT_OBJC_ISA_USAGE = YES_ERROR;
				CLANG_WARN_EMPTY_BODY = YES;
				CLANG_WARN_ENUM_CONVERSION = YES;
				CLANG_WARN_INT_CONVERSION = YES;
				CLANG_WARN_OBJC_ROOT_CLASS = YES_ERROR;
				CLANG_WARN__DUPLICATE_METHOD_MATCH = YES;
				"CODE_SIGN_IDENTITY[sdk=iphoneos*]" = "iPhone Developer";
				COPY_PHASE_STRIP = NO;
				GCC_C_LANGUAGE_STANDARD = gnu99;
				GCC_DYNAMIC_NO_PIC = NO;
				GCC_OPTIMIZATION_LEVEL = 0;
				GCC_PREPROCESSOR_DEFINITIONS = (
					"DEBUG=1",
					"$(inherited)",
				);
				GCC_SYMBOLS_PRIVATE_EXTERN = NO;
				GCC_WARN_64_TO_32_BIT_CONVERSION = YES;
				GCC_WARN_ABOUT_RETURN_TYPE = YES_ERROR;
				GCC_WARN_UNDECLARED_SELECTOR = YES;
				GCC_WARN_UNINITIALIZED_AUTOS = YES_AGGRESSIVE;
				GCC_WARN_UNUSED_FUNCTION = YES;
				GCC_WARN_UNUSED_VARIABLE = YES;
				IPHONEOS_DEPLOYMENT_TARGET = 7.1;
				ONLY_ACTIVE_ARCH = YES;
				SDKROOT = iphoneos;
			};
			name = Debug;
		};
		C88A0878197D445600AC6058 /* Release */ = {
			isa = XCBuildConfiguration;
			buildSettings = {
				ALWAYS_SEARCH_USER_PATHS = NO;
				CLANG_CXX_LANGUAGE_STANDARD = "gnu++0x";
				CLANG_CXX_LIBRARY = "libc++";
				CLANG_ENABLE_MODULES = YES;
				CLANG_ENABLE_OBJC_ARC = YES;
				CLANG_WARN_BOOL_CONVERSION = YES;
				CLANG_WARN_CONSTANT_CONVERSION = YES;
				CLANG_WARN_DIRECT_OBJC_ISA_USAGE = YES_ERROR;
				CLANG_WARN_EMPTY_BODY = YES;
				CLANG_WARN_ENUM_CONVERSION = YES;
				CLANG_WARN_INT_CONVERSION = YES;
				CLANG_WARN_OBJC_ROOT_CLASS = YES_ERROR;
				CLANG_WARN__DUPLICATE_METHOD_MATCH = YES;
				"CODE_SIGN_IDENTITY[sdk=iphoneos*]" = "iPhone Developer";
				COPY_PHASE_STRIP = YES;
				ENABLE_NS_ASSERTIONS = NO;
				GCC_C_LANGUAGE_STANDARD = gnu99;
				GCC_WARN_64_TO_32_BIT_CONVERSION = YES;
				GCC_WARN_ABOUT_RETURN_TYPE = YES_ERROR;
				GCC_WARN_UNDECLARED_SELECTOR = YES;
				GCC_WARN_UNINITIALIZED_AUTOS = YES_AGGRESSIVE;
				GCC_WARN_UNUSED_FUNCTION = YES;
				GCC_WARN_UNUSED_VARIABLE = YES;
				IPHONEOS_DEPLOYMENT_TARGET = 7.1;
				SDKROOT = iphoneos;
				VALIDATE_PRODUCT = YES;
			};
			name = Release;
		};
		C88A087A197D445600AC6058 /* Debug */ = {
			isa = XCBuildConfiguration;
			buildSettings = {
				ASSETCATALOG_COMPILER_APPICON_NAME = AppIcon;
				ASSETCATALOG_COMPILER_LAUNCHIMAGE_NAME = LaunchImage;
				GCC_PRECOMPILE_PREFIX_HEADER = YES;
				GCC_PREFIX_HEADER = "HelloJenkins/HelloJenkins-Prefix.pch";
				INFOPLIST_FILE = "HelloJenkins/HelloJenkins-Info.plist";
				PRODUCT_NAME = "$(TARGET_NAME)";
				WRAPPER_EXTENSION = app;
			};
			name = Debug;
		};
		C88A087B197D445600AC6058 /* Release */ = {
			isa = XCBuildConfiguration;
			buildSettings = {
				ASSETCATALOG_COMPILER_APPICON_NAME = AppIcon;
				ASSETCATALOG_COMPILER_LAUNCHIMAGE_NAME = LaunchImage;
				GCC_PRECOMPILE_PREFIX_HEADER = YES;
				GCC_PREFIX_HEADER = "HelloJenkins/HelloJenkins-Prefix.pch";
				INFOPLIST_FILE = "HelloJenkins/HelloJenkins-Info.plist";
				PRODUCT_NAME = "$(TARGET_NAME)";
				WRAPPER_EXTENSION = app;
			};
			name = Release;
		};
		C88A087D197D445600AC6058 /* Debug */ = {
			isa = XCBuildConfiguration;
			buildSettings = {
				BUNDLE_LOADER = "$(BUILT_PRODUCTS_DIR)/HelloJenkins.app/HelloJenkins";
				FRAMEWORK_SEARCH_PATHS = (
					"$(SDKROOT)/Developer/Library/Frameworks",
					"$(inherited)",
					"$(DEVELOPER_FRAMEWORKS_DIR)",
				);
				GCC_PRECOMPILE_PREFIX_HEADER = YES;
				GCC_PREFIX_HEADER = "HelloJenkins/HelloJenkins-Prefix.pch";
				GCC_PREPROCESSOR_DEFINITIONS = (
					"DEBUG=1",
					"$(inherited)",
				);
				INFOPLIST_FILE = "HelloJenkinsTests/HelloJenkinsTests-Info.plist";
				PRODUCT_NAME = "$(TARGET_NAME)";
				TEST_HOST = "$(BUNDLE_LOADER)";
				WRAPPER_EXTENSION = xctest;
			};
			name = Debug;
		};
		C88A087E197D445600AC6058 /* Release */ = {
			isa = XCBuildConfiguration;
			buildSettings = {
				BUNDLE_LOADER = "$(BUILT_PRODUCTS_DIR)/HelloJenkins.app/HelloJenkins";
				FRAMEWORK_SEARCH_PATHS = (
					"$(SDKROOT)/Developer/Library/Frameworks",
					"$(inherited)",
					"$(DEVELOPER_FRAMEWORKS_DIR)",
				);
				GCC_PRECOMPILE_PREFIX_HEADER = YES;
				GCC_PREFIX_HEADER = "HelloJenkins/HelloJenkins-Prefix.pch";
				INFOPLIST_FILE = "HelloJenkinsTests/HelloJenkinsTests-Info.plist";
				PRODUCT_NAME = "$(TARGET_NAME)";
				TEST_HOST = "$(BUNDLE_LOADER)";
				WRAPPER_EXTENSION = xctest;
			};
			name = Release;
		};
/* End XCBuildConfiguration section */

/* Begin XCConfigurationList section */
		C88A0842197D445500AC6058 /* Build configuration list for PBXProject "HelloJenkins" */ = {
			isa = XCConfigurationList;
			buildConfigurations = (
				C88A0877197D445600AC6058 /* Debug */,
				C88A0878197D445600AC6058 /* Release */,
			);
			defaultConfigurationIsVisible = 0;
			defaultConfigurationName = Release;
		};
		C88A0879197D445600AC6058 /* Build configuration list for PBXNativeTarget "HelloJenkins" */ = {
			isa = XCConfigurationList;
			buildConfigurations = (
				C88A087A197D445600AC6058 /* Debug */,
				C88A087B197D445600AC6058 /* Release */,
			);
			defaultConfigurationIsVisible = 0;
		};
		C88A087C197D445600AC6058 /* Build configuration list for PBXNativeTarget "HelloJenkinsTests" */ = {
			isa = XCConfigurationList;
			buildConfigurations = (
				C88A087D197D445600AC6058 /* Debug */,
				C88A087E197D445600AC6058 /* Release */,
			);
			defaultConfigurationIsVisible = 0;
		};
/* End XCConfigurationList section */
	};
	rootObject = C88A083F197D445500AC6058 /* Project object */;
}
